// !$*UTF8*$!
{
	archiveVersion = 1;
	classes = {
	};
	objectVersion = 56;
	objects = {

/* Begin PBXBuildFile section */
		AC6EEFF82B7368130013417A /* main.cpp in Sources */ = {isa = PBXBuildFile; fileRef = AC6EEFF72B7368130013417A /* main.cpp */; };
		ACCDB5972B8845870084FE17 /* room.cpp in Sources */ = {isa = PBXBuildFile; fileRef = ACCDB5962B8845870084FE17 /* room.cpp */; };
		ACCDB59A2B8849DA0084FE17 /* dungeon.cpp in Sources */ = {isa = PBXBuildFile; fileRef = ACCDB5982B8849DA0084FE17 /* dungeon.cpp */; };
		ACCDB59D2B885D6B0084FE17 /* gameCharacter.cpp in Sources */ = {isa = PBXBuildFile; fileRef = ACCDB59B2B885D6B0084FE17 /* gameCharacter.cpp */; };
		ACCDB5A02B8868FF0084FE17 /* player.cpp in Sources */ = {isa = PBXBuildFile; fileRef = ACCDB59E2B8868FF0084FE17 /* player.cpp */; };
		ACCDB5A32B887F8B0084FE17 /* game.cpp in Sources */ = {isa = PBXBuildFile; fileRef = ACCDB5A12B887F8B0084FE17 /* game.cpp */; };
		ACCDB5A62B8CEB1B0084FE17 /* item.cpp in Sources */ = {isa = PBXBuildFile; fileRef = ACCDB5A42B8CEB1B0084FE17 /* item.cpp */; };
/* End PBXBuildFile section */

/* Begin PBXCopyFilesBuildPhase section */
		AC6EEFF22B7368130013417A /* CopyFiles */ = {
			isa = PBXCopyFilesBuildPhase;
			buildActionMask = 2147483647;
			dstPath = /usr/share/man/man1/;
			dstSubfolderSpec = 0;
			files = (
			);
			runOnlyForDeploymentPostprocessing = 1;
		};
/* End PBXCopyFilesBuildPhase section */

/* Begin PBXFileReference section */
		AC6EEFF42B7368130013417A /* AzagRPG */ = {isa = PBXFileReference; explicitFileType = "compiled.mach-o.executable"; includeInIndex = 0; path = AzagRPG; sourceTree = BUILT_PRODUCTS_DIR; };
		AC6EEFF72B7368130013417A /* main.cpp */ = {isa = PBXFileReference; lastKnownFileType = sourcecode.cpp.cpp; path = main.cpp; sourceTree = "<group>"; };
		ACCDB5962B8845870084FE17 /* room.cpp */ = {isa = PBXFileReference; lastKnownFileType = sourcecode.cpp.cpp; path = room.cpp; sourceTree = "<group>"; };
		ACCDB5982B8849DA0084FE17 /* dungeon.cpp */ = {isa = PBXFileReference; lastKnownFileType = sourcecode.cpp.cpp; path = dungeon.cpp; sourceTree = "<group>"; };
		ACCDB5992B8849DA0084FE17 /* dungeon.hpp */ = {isa = PBXFileReference; lastKnownFileType = sourcecode.cpp.h; path = dungeon.hpp; sourceTree = "<group>"; };
		ACCDB59B2B885D6B0084FE17 /* gameCharacter.cpp */ = {isa = PBXFileReference; lastKnownFileType = sourcecode.cpp.cpp; path = gameCharacter.cpp; sourceTree = "<group>"; };
		ACCDB59C2B885D6B0084FE17 /* gameCharacter.hpp */ = {isa = PBXFileReference; lastKnownFileType = sourcecode.cpp.h; path = gameCharacter.hpp; sourceTree = "<group>"; };
		ACCDB59E2B8868FF0084FE17 /* player.cpp */ = {isa = PBXFileReference; lastKnownFileType = sourcecode.cpp.cpp; path = player.cpp; sourceTree = "<group>"; };
		ACCDB59F2B8868FF0084FE17 /* player.hpp */ = {isa = PBXFileReference; lastKnownFileType = sourcecode.cpp.h; path = player.hpp; sourceTree = "<group>"; };
		ACCDB5A12B887F8B0084FE17 /* game.cpp */ = {isa = PBXFileReference; lastKnownFileType = sourcecode.cpp.cpp; path = game.cpp; sourceTree = "<group>"; };
		ACCDB5A22B887F8B0084FE17 /* game.hpp */ = {isa = PBXFileReference; lastKnownFileType = sourcecode.cpp.h; path = game.hpp; sourceTree = "<group>"; };
		ACCDB5A42B8CEB1B0084FE17 /* item.cpp */ = {isa = PBXFileReference; lastKnownFileType = sourcecode.cpp.cpp; path = item.cpp; sourceTree = "<group>"; };
		ACCDB5A52B8CEB1B0084FE17 /* item.hpp */ = {isa = PBXFileReference; lastKnownFileType = sourcecode.cpp.h; path = item.hpp; sourceTree = "<group>"; };
/* End PBXFileReference section */

/* Begin PBXFrameworksBuildPhase section */
		AC6EEFF12B7368130013417A /* Frameworks */ = {
			isa = PBXFrameworksBuildPhase;
			buildActionMask = 2147483647;
			files = (
			);
			runOnlyForDeploymentPostprocessing = 0;
		};
/* End PBXFrameworksBuildPhase section */

/* Begin PBXGroup section */
		AC6EEFEB2B7368130013417A = {
			isa = PBXGroup;
			children = (
				AC6EEFF62B7368130013417A /* AzagRPG */,
				AC6EEFF52B7368130013417A /* Products */,
			);
			sourceTree = "<group>";
		};
		AC6EEFF52B7368130013417A /* Products */ = {
			isa = PBXGroup;
			children = (
				AC6EEFF42B7368130013417A /* AzagRPG */,
			);
			name = Products;
			sourceTree = "<group>";
		};
		AC6EEFF62B7368130013417A /* AzagRPG */ = {
			isa = PBXGroup;
			children = (
				AC6EEFF72B7368130013417A /* main.cpp */,
				ACCDB5962B8845870084FE17 /* room.cpp */,
				ACCDB5982B8849DA0084FE17 /* dungeon.cpp */,
				ACCDB5992B8849DA0084FE17 /* dungeon.hpp */,
				ACCDB59B2B885D6B0084FE17 /* gameCharacter.cpp */,
				ACCDB59C2B885D6B0084FE17 /* gameCharacter.hpp */,
				ACCDB59E2B8868FF0084FE17 /* player.cpp */,
				ACCDB59F2B8868FF0084FE17 /* player.hpp */,
				ACCDB5A12B887F8B0084FE17 /* game.cpp */,
				ACCDB5A22B887F8B0084FE17 /* game.hpp */,
				ACCDB5A42B8CEB1B0084FE17 /* item.cpp */,
				ACCDB5A52B8CEB1B0084FE17 /* item.hpp */,
			);
			path = AzagRPG;
			sourceTree = "<group>";
		};
/* End PBXGroup section */

/* Begin PBXNativeTarget section */
		AC6EEFF32B7368130013417A /* AzagRPG */ = {
			isa = PBXNativeTarget;
			buildConfigurationList = AC6EEFFB2B7368130013417A /* Build configuration list for PBXNativeTarget "AzagRPG" */;
			buildPhases = (
				AC6EEFF02B7368130013417A /* Sources */,
				AC6EEFF12B7368130013417A /* Frameworks */,
				AC6EEFF22B7368130013417A /* CopyFiles */,
			);
			buildRules = (
			);
			dependencies = (
			);
			name = AzagRPG;
			productName = AzagRPG;
			productReference = AC6EEFF42B7368130013417A /* AzagRPG */;
			productType = "com.apple.product-type.tool";
		};
/* End PBXNativeTarget section */

/* Begin PBXProject section */
		AC6EEFEC2B7368130013417A /* Project object */ = {
			isa = PBXProject;
			attributes = {
				BuildIndependentTargetsInParallel = 1;
				LastUpgradeCheck = 1520;
				TargetAttributes = {
					AC6EEFF32B7368130013417A = {
						CreatedOnToolsVersion = 15.2;
					};
				};
			};
			buildConfigurationList = AC6EEFEF2B7368130013417A /* Build configuration list for PBXProject "AzagRPG" */;
			compatibilityVersion = "Xcode 14.0";
			developmentRegion = en;
			hasScannedForEncodings = 0;
			knownRegions = (
				en,
				Base,
			);
			mainGroup = AC6EEFEB2B7368130013417A;
			productRefGroup = AC6EEFF52B7368130013417A /* Products */;
			projectDirPath = "";
			projectRoot = "";
			targets = (
				AC6EEFF32B7368130013417A /* AzagRPG */,
			);
		};
/* End PBXProject section */

/* Begin PBXSourcesBuildPhase section */
		AC6EEFF02B7368130013417A /* Sources */ = {
			isa = PBXSourcesBuildPhase;
			buildActionMask = 2147483647;
			files = (
				ACCDB59A2B8849DA0084FE17 /* dungeon.cpp in Sources */,
				ACCDB5A02B8868FF0084FE17 /* player.cpp in Sources */,
				ACCDB5A62B8CEB1B0084FE17 /* item.cpp in Sources */,
				ACCDB59D2B885D6B0084FE17 /* gameCharacter.cpp in Sources */,
				ACCDB5972B8845870084FE17 /* room.cpp in Sources */,
				AC6EEFF82B7368130013417A /* main.cpp in Sources */,
				ACCDB5A32B887F8B0084FE17 /* game.cpp in Sources */,
			);
			runOnlyForDeploymentPostprocessing = 0;
		};
/* End PBXSourcesBuildPhase section */

/* Begin XCBuildConfiguration section */
		AC6EEFF92B7368130013417A /* Debug */ = {
			isa = XCBuildConfiguration;
			buildSettings = {
				ALWAYS_SEARCH_USER_PATHS = NO;
				ASSETCATALOG_COMPILER_GENERATE_SWIFT_ASSET_SYMBOL_EXTENSIONS = YES;
				CLANG_ANALYZER_NONNULL = YES;
				CLANG_ANALYZER_NUMBER_OBJECT_CONVERSION = YES_AGGRESSIVE;
				CLANG_CXX_LANGUAGE_STANDARD = "gnu++20";
				CLANG_ENABLE_MODULES = YES;
				CLANG_ENABLE_OBJC_ARC = YES;
				CLANG_ENABLE_OBJC_WEAK = YES;
				CLANG_WARN_BLOCK_CAPTURE_AUTORELEASING = YES;
				CLANG_WARN_BOOL_CONVERSION = YES;
				CLANG_WARN_COMMA = YES;
				CLANG_WARN_CONSTANT_CONVERSION = YES;
				CLANG_WARN_DEPRECATED_OBJC_IMPLEMENTATIONS = YES;
				CLANG_WARN_DIRECT_OBJC_ISA_USAGE = YES_ERROR;
				CLANG_WARN_DOCUMENTATION_COMMENTS = YES;
				CLANG_WARN_EMPTY_BODY = YES;
				CLANG_WARN_ENUM_CONVERSION = YES;
				CLANG_WARN_INFINITE_RECURSION = YES;
				CLANG_WARN_INT_CONVERSION = YES;
				CLANG_WARN_NON_LITERAL_NULL_CONVERSION = YES;
				CLANG_WARN_OBJC_IMPLICIT_RETAIN_SELF = YES;
				CLANG_WARN_OBJC_LITERAL_CONVERSION = YES;
				CLANG_WARN_OBJC_ROOT_CLASS = YES_ERROR;
				CLANG_WARN_QUOTED_INCLUDE_IN_FRAMEWORK_HEADER = YES;
				CLANG_WARN_RANGE_LOOP_ANALYSIS = YES;
				CLANG_WARN_STRICT_PROTOTYPES = YES;
				CLANG_WARN_SUSPICIOUS_MOVE = YES;
				CLANG_WARN_UNGUARDED_AVAILABILITY = YES_AGGRESSIVE;
				CLANG_WARN_UNREACHABLE_CODE = YES;
				CLANG_WARN__DUPLICATE_METHOD_MATCH = YES;
				COPY_PHASE_STRIP = NO;
				DEBUG_INFORMATION_FORMAT = dwarf;
				ENABLE_STRICT_OBJC_MSGSEND = YES;
				ENABLE_TESTABILITY = YES;
				ENABLE_USER_SCRIPT_SANDBOXING = YES;
				GCC_C_LANGUAGE_STANDARD = gnu17;
				GCC_DYNAMIC_NO_PIC = NO;
				GCC_NO_COMMON_BLOCKS = YES;
				GCC_OPTIMIZATION_LEVEL = 0;
				GCC_PREPROCESSOR_DEFINITIONS = (
					"DEBUG=1",
					"$(inherited)",
				);
				GCC_WARN_64_TO_32_BIT_CONVERSION = YES;
				GCC_WARN_ABOUT_RETURN_TYPE = YES_ERROR;
				GCC_WARN_UNDECLARED_SELECTOR = YES;
				GCC_WARN_UNINITIALIZED_AUTOS = YES_AGGRESSIVE;
				GCC_WARN_UNUSED_FUNCTION = YES;
				GCC_WARN_UNUSED_VARIABLE = YES;
				LOCALIZATION_PREFERS_STRING_CATALOGS = YES;
				MACOSX_DEPLOYMENT_TARGET = 14.2;
				MTL_ENABLE_DEBUG_INFO = INCLUDE_SOURCE;
				MTL_FAST_MATH = YES;
				ONLY_ACTIVE_ARCH = YES;
				SDKROOT = macosx;
			};
			name = Debug;
		};
		AC6EEFFA2B7368130013417A /* Release */ = {
			isa = XCBuildConfiguration;
			buildSettings = {
				ALWAYS_SEARCH_USER_PATHS = NO;
				ASSETCATALOG_COMPILER_GENERATE_SWIFT_ASSET_SYMBOL_EXTENSIONS = YES;
				CLANG_ANALYZER_NONNULL = YES;
				CLANG_ANALYZER_NUMBER_OBJECT_CONVERSION = YES_AGGRESSIVE;
				CLANG_CXX_LANGUAGE_STANDARD = "gnu++20";
				CLANG_ENABLE_MODULES = YES;
				CLANG_ENABLE_OBJC_ARC = YES;
				CLANG_ENABLE_OBJC_WEAK = YES;
				CLANG_WARN_BLOCK_CAPTURE_AUTORELEASING = YES;
				CLANG_WARN_BOOL_CONVERSION = YES;
				CLANG_WARN_COMMA = YES;
				CLANG_WARN_CONSTANT_CONVERSION = YES;
				CLANG_WARN_DEPRECATED_OBJC_IMPLEMENTATIONS = YES;
				CLANG_WARN_DIRECT_OBJC_ISA_USAGE = YES_ERROR;
				CLANG_WARN_DOCUMENTATION_COMMENTS = YES;
				CLANG_WARN_EMPTY_BODY = YES;
				CLANG_WARN_ENUM_CONVERSION = YES;
				CLANG_WARN_INFINITE_RECURSION = YES;
				CLANG_WARN_INT_CONVERSION = YES;
				CLANG_WARN_NON_LITERAL_NULL_CONVERSION = YES;
				CLANG_WARN_OBJC_IMPLICIT_RETAIN_SELF = YES;
				CLANG_WARN_OBJC_LITERAL_CONVERSION = YES;
				CLANG_WARN_OBJC_ROOT_CLASS = YES_ERROR;
				CLANG_WARN_QUOTED_INCLUDE_IN_FRAMEWORK_HEADER = YES;
				CLANG_WARN_RANGE_LOOP_ANALYSIS = YES;
				CLANG_WARN_STRICT_PROTOTYPES = YES;
				CLANG_WARN_SUSPICIOUS_MOVE = YES;
				CLANG_WARN_UNGUARDED_AVAILABILITY = YES_AGGRESSIVE;
				CLANG_WARN_UNREACHABLE_CODE = YES;
				CLANG_WARN__DUPLICATE_METHOD_MATCH = YES;
				COPY_PHASE_STRIP = NO;
				DEBUG_INFORMATION_FORMAT = "dwarf-with-dsym";
				ENABLE_NS_ASSERTIONS = NO;
				ENABLE_STRICT_OBJC_MSGSEND = YES;
				ENABLE_USER_SCRIPT_SANDBOXING = YES;
				GCC_C_LANGUAGE_STANDARD = gnu17;
				GCC_NO_COMMON_BLOCKS = YES;
				GCC_WARN_64_TO_32_BIT_CONVERSION = YES;
				GCC_WARN_ABOUT_RETURN_TYPE = YES_ERROR;
				GCC_WARN_UNDECLARED_SELECTOR = YES;
				GCC_WARN_UNINITIALIZED_AUTOS = YES_AGGRESSIVE;
				GCC_WARN_UNUSED_FUNCTION = YES;
				GCC_WARN_UNUSED_VARIABLE = YES;
				LOCALIZATION_PREFERS_STRING_CATALOGS = YES;
				MACOSX_DEPLOYMENT_TARGET = 14.2;
				MTL_ENABLE_DEBUG_INFO = NO;
				MTL_FAST_MATH = YES;
				SDKROOT = macosx;
			};
			name = Release;
		};
		AC6EEFFC2B7368130013417A /* Debug */ = {
			isa = XCBuildConfiguration;
			buildSettings = {
				CODE_SIGN_STYLE = Automatic;
				PRODUCT_NAME = "$(TARGET_NAME)";
			};
			name = Debug;
		};
		AC6EEFFD2B7368130013417A /* Release */ = {
			isa = XCBuildConfiguration;
			buildSettings = {
				CODE_SIGN_STYLE = Automatic;
				PRODUCT_NAME = "$(TARGET_NAME)";
			};
			name = Release;
		};
/* End XCBuildConfiguration section */

/* Begin XCConfigurationList section */
		AC6EEFEF2B7368130013417A /* Build configuration list for PBXProject "AzagRPG" */ = {
			isa = XCConfigurationList;
			buildConfigurations = (
				AC6EEFF92B7368130013417A /* Debug */,
				AC6EEFFA2B7368130013417A /* Release */,
			);
			defaultConfigurationIsVisible = 0;
			defaultConfigurationName = Release;
		};
		AC6EEFFB2B7368130013417A /* Build configuration list for PBXNativeTarget "AzagRPG" */ = {
			isa = XCConfigurationList;
			buildConfigurations = (
				AC6EEFFC2B7368130013417A /* Debug */,
				AC6EEFFD2B7368130013417A /* Release */,
			);
			defaultConfigurationIsVisible = 0;
			defaultConfigurationName = Release;
		};
/* End XCConfigurationList section */
	};
	rootObject = AC6EEFEC2B7368130013417A /* Project object */;
}
